
Microsoft Visual Studio Solution File, Format Version 12.00
# Visual Studio Version 17
VisualStudioVersion = 17.11.35327.3
MinimumVisualStudioVersion = 10.0.40219.1
Project("{9A19103F-16F7-4668-BE54-9A1E7A4F7556}") = "Glutspeicher Server", "Glutspeicher Server\Glutspeicher Server.csproj", "{7CB978D3-6FD2-4440-B0E2-9B5313701148}"
EndProject
Project("{FAE04EC0-301F-11D3-BF4B-00C04F79EFBC}") = "Glutspeicher Agent", "Glutspeicher Agent\Glutspeicher Agent.csproj", "{B880E44C-1B37-4DAF-AC44-C6A013F79F86}"
EndProject
Global
	GlobalSection(SolutionConfigurationPlatforms) = preSolution
		Debug|Any CPU = Debug|Any CPU
		Release|Any CPU = Release|Any CPU
	EndGlobalSection
	GlobalSection(ProjectConfigurationPlatforms) = postSolution
		{7CB978D3-6FD2-4440-B0E2-9B5313701148}.Debug|Any CPU.ActiveCfg = Debug|Any CPU
		{7CB978D3-6FD2-4440-B0E2-9B5313701148}.Debug|Any CPU.Build.0 = Debug|Any CPU
		{7CB978D3-6FD2-4440-B0E2-9B5313701148}.Release|Any CPU.ActiveCfg = Release|Any CPU
		{7CB978D3-6FD2-4440-B0E2-9B5313701148}.Release|Any CPU.Build.0 = Release|Any CPU
		{B880E44C-1B37-4DAF-AC44-C6A013F79F86}.Debug|Any CPU.ActiveCfg = Debug|Any CPU
		{B880E44C-1B37-4DAF-AC44-C6A013F79F86}.Debug|Any CPU.Build.0 = Debug|Any CPU
		{B880E44C-1B37-4DAF-AC44-C6A013F79F86}.Release|Any CPU.ActiveCfg = Release|Any CPU
		{B880E44C-1B37-4DAF-AC44-C6A013F79F86}.Release|Any CPU.Build.0 = Release|Any CPU
	EndGlobalSection
	GlobalSection(SolutionProperties) = preSolution
		HideSolutionNode = FALSE
	EndGlobalSection
	GlobalSection(ExtensibilityGlobals) = postSolution
		SolutionGuid = {9BE8A18C-C5E2-4207-A456-C6116F9B16CE}
	EndGlobalSection
EndGlobal
